
Microsoft Visual Studio Solution File, Format Version 12.00
# Visual Studio Version 16
VisualStudioVersion = 16.0.31025.194
MinimumVisualStudioVersion = 10.0.40219.1
Project("{FAE04EC0-301F-11D3-BF4B-00C04F79EFBC}") = "VehicleLocator.MovementSimulator", "VehicleLocator.MovementSimulator\VehicleLocator.MovementSimulator.csproj", "{FF71D20C-5589-4696-9FD0-FFD64DBFB210}"
EndProject
Global
	GlobalSection(SolutionConfigurationPlatforms) = preSolution
		Debug|Any CPU = Debug|Any CPU
		Release|Any CPU = Release|Any CPU
	EndGlobalSection
	GlobalSection(ProjectConfigurationPlatforms) = postSolution
		{FF71D20C-5589-4696-9FD0-FFD64DBFB210}.Debug|Any CPU.ActiveCfg = Debug|Any CPU
		{FF71D20C-5589-4696-9FD0-FFD64DBFB210}.Debug|Any CPU.Build.0 = Debug|Any CPU
		{FF71D20C-5589-4696-9FD0-FFD64DBFB210}.Release|Any CPU.ActiveCfg = Release|Any CPU
		{FF71D20C-5589-4696-9FD0-FFD64DBFB210}.Release|Any CPU.Build.0 = Release|Any CPU
	EndGlobalSection
	GlobalSection(SolutionProperties) = preSolution
		HideSolutionNode = FALSE
	EndGlobalSection
	GlobalSection(ExtensibilityGlobals) = postSolution
		SolutionGuid = {A3927556-5708-4AA1-AD1D-3C9256B0B505}
	EndGlobalSection
EndGlobal
